
Microsoft Visual Studio Solution File, Format Version 12.00
# Visual Studio Version 16
VisualStudioVersion = 16.0.30204.135
MinimumVisualStudioVersion = 10.0.40219.1
Project("{FAE04EC0-301F-11D3-BF4B-00C04F79EFBC}") = "BreakOut06.25.20Console", "BreakOut06.25.20Console\BreakOut06.25.20Console.csproj", "{BDE4B089-6E23-44A0-8B01-9EFCEB7065BF}"
EndProject
Global
	GlobalSection(SolutionConfigurationPlatforms) = preSolution
		Debug|Any CPU = Debug|Any CPU
		Release|Any CPU = Release|Any CPU
	EndGlobalSection
	GlobalSection(ProjectConfigurationPlatforms) = postSolution
		{BDE4B089-6E23-44A0-8B01-9EFCEB7065BF}.Debug|Any CPU.ActiveCfg = Debug|Any CPU
		{BDE4B089-6E23-44A0-8B01-9EFCEB7065BF}.Debug|Any CPU.Build.0 = Debug|Any CPU
		{BDE4B089-6E23-44A0-8B01-9EFCEB7065BF}.Release|Any CPU.ActiveCfg = Release|Any CPU
		{BDE4B089-6E23-44A0-8B01-9EFCEB7065BF}.Release|Any CPU.Build.0 = Release|Any CPU
	EndGlobalSection
	GlobalSection(SolutionProperties) = preSolution
		HideSolutionNode = FALSE
	EndGlobalSection
	GlobalSection(ExtensibilityGlobals) = postSolution
		SolutionGuid = {3771A850-8A9F-46AE-B6F2-9F6B83C5869F}
	EndGlobalSection
EndGlobal
